
Microsoft Visual Studio Solution File, Format Version 12.00
# Visual Studio Version 16
VisualStudioVersion = 16.0.30523.141
MinimumVisualStudioVersion = 10.0.40219.1
Project("{9A19103F-16F7-4668-BE54-9A1E7A4F7556}") = "Project 2_26047179", "Project 2_26047179\Project 2_26047179.csproj", "{80098C31-3A89-4CAA-B5A9-59F00100A5B6}"
EndProject
Global
	GlobalSection(SolutionConfigurationPlatforms) = preSolution
		Debug|Any CPU = Debug|Any CPU
		Release|Any CPU = Release|Any CPU
	EndGlobalSection
	GlobalSection(ProjectConfigurationPlatforms) = postSolution
		{80098C31-3A89-4CAA-B5A9-59F00100A5B6}.Debug|Any CPU.ActiveCfg = Debug|Any CPU
		{80098C31-3A89-4CAA-B5A9-59F00100A5B6}.Debug|Any CPU.Build.0 = Debug|Any CPU
		{80098C31-3A89-4CAA-B5A9-59F00100A5B6}.Release|Any CPU.ActiveCfg = Release|Any CPU
		{80098C31-3A89-4CAA-B5A9-59F00100A5B6}.Release|Any CPU.Build.0 = Release|Any CPU
	EndGlobalSection
	GlobalSection(SolutionProperties) = preSolution
		HideSolutionNode = FALSE
	EndGlobalSection
	GlobalSection(ExtensibilityGlobals) = postSolution
		SolutionGuid = {FFAFF6C8-9663-4F3D-A94B-9ED40CF9A8C5}
	EndGlobalSection
EndGlobal
